// !$*UTF8*$!
{
	archiveVersion = 1;
	classes = {
	};
	objectVersion = 56;
	objects = {

/* Begin PBXBuildFile section */
		362F9C4C2B5C375900F3E0B9 /* TransformationsCollectionViewCell.swift in Sources */ = {isa = PBXBuildFile; fileRef = 362F9C4A2B5C375900F3E0B9 /* TransformationsCollectionViewCell.swift */; };
		362F9C4D2B5C375900F3E0B9 /* TransformationsCollectionViewCell.xib in Resources */ = {isa = PBXBuildFile; fileRef = 362F9C4B2B5C375900F3E0B9 /* TransformationsCollectionViewCell.xib */; };
		367E9CD42B5C4F30002B7F9D /* TDetailViewController.swift in Sources */ = {isa = PBXBuildFile; fileRef = 367E9CD22B5C4F30002B7F9D /* TDetailViewController.swift */; };
		367E9CD52B5C4F30002B7F9D /* TDetailViewController.xib in Resources */ = {isa = PBXBuildFile; fileRef = 367E9CD32B5C4F30002B7F9D /* TDetailViewController.xib */; };
		367E9CD72B5DB041002B7F9D /* NetworkModelTests.swift in Sources */ = {isa = PBXBuildFile; fileRef = 367E9CD62B5DB041002B7F9D /* NetworkModelTests.swift */; };
		367E9CD92B5DB0E6002B7F9D /* MockURLProtocol.swift in Sources */ = {isa = PBXBuildFile; fileRef = 367E9CD82B5DB0E6002B7F9D /* MockURLProtocol.swift */; };
		36A62F5D2B5829A9004E2CC7 /* TransformacionesListViewController.swift in Sources */ = {isa = PBXBuildFile; fileRef = 36A62F5B2B5829A9004E2CC7 /* TransformacionesListViewController.swift */; };
		36A62F5E2B5829A9004E2CC7 /* TransformacionesListViewController.xib in Resources */ = {isa = PBXBuildFile; fileRef = 36A62F5C2B5829A9004E2CC7 /* TransformacionesListViewController.xib */; };
		36A62F692B584028004E2CC7 /* HDetailViewController.swift in Sources */ = {isa = PBXBuildFile; fileRef = 36A62F672B584028004E2CC7 /* HDetailViewController.swift */; };
		36A62F6A2B584028004E2CC7 /* HDetailViewController.xib in Resources */ = {isa = PBXBuildFile; fileRef = 36A62F682B584028004E2CC7 /* HDetailViewController.xib */; };
		36A62F752B584998004E2CC7 /* CeldaCollectionViewCell.swift in Sources */ = {isa = PBXBuildFile; fileRef = 36A62F732B584998004E2CC7 /* CeldaCollectionViewCell.swift */; };
		36A62F762B584998004E2CC7 /* CeldaCollectionViewCell.xib in Resources */ = {isa = PBXBuildFile; fileRef = 36A62F742B584998004E2CC7 /* CeldaCollectionViewCell.xib */; };
		36A9ED052B5BF6EF009D500D /* HeroCollectionViewController.swift in Sources */ = {isa = PBXBuildFile; fileRef = 36A9ED032B5BF6EF009D500D /* HeroCollectionViewController.swift */; };
		36A9ED062B5BF6EF009D500D /* HeroCollectionViewController.xib in Resources */ = {isa = PBXBuildFile; fileRef = 36A9ED042B5BF6EF009D500D /* HeroCollectionViewController.xib */; };
		36F53A982B57115F004C4B64 /* AppDelegate.swift in Sources */ = {isa = PBXBuildFile; fileRef = 36F53A972B57115F004C4B64 /* AppDelegate.swift */; };
		36F53A9A2B57115F004C4B64 /* SceneDelegate.swift in Sources */ = {isa = PBXBuildFile; fileRef = 36F53A992B57115F004C4B64 /* SceneDelegate.swift */; };
		36F53AA12B571161004C4B64 /* Assets.xcassets in Resources */ = {isa = PBXBuildFile; fileRef = 36F53AA02B571161004C4B64 /* Assets.xcassets */; };
		36F53AA42B571161004C4B64 /* LaunchScreen.storyboard in Resources */ = {isa = PBXBuildFile; fileRef = 36F53AA22B571161004C4B64 /* LaunchScreen.storyboard */; };
		36F53AAF2B571161004C4B64 /* DragonHeroesTests.swift in Sources */ = {isa = PBXBuildFile; fileRef = 36F53AAE2B571161004C4B64 /* DragonHeroesTests.swift */; };
		36F53AB92B571161004C4B64 /* DragonHeroesUITests.swift in Sources */ = {isa = PBXBuildFile; fileRef = 36F53AB82B571161004C4B64 /* DragonHeroesUITests.swift */; };
		36F53ABB2B571161004C4B64 /* DragonHeroesUITestsLaunchTests.swift in Sources */ = {isa = PBXBuildFile; fileRef = 36F53ABA2B571161004C4B64 /* DragonHeroesUITestsLaunchTests.swift */; };
		36F53AC92B5712D5004C4B64 /* LoginViewController.swift in Sources */ = {isa = PBXBuildFile; fileRef = 36F53AC72B5712D5004C4B64 /* LoginViewController.swift */; };
		36F53ACA2B5712D5004C4B64 /* LoginViewController.xib in Resources */ = {isa = PBXBuildFile; fileRef = 36F53AC82B5712D5004C4B64 /* LoginViewController.xib */; };
		36F53ACC2B5716EA004C4B64 /* APIClient.swift in Sources */ = {isa = PBXBuildFile; fileRef = 36F53ACB2B5716EA004C4B64 /* APIClient.swift */; };
		36F53ACE2B571758004C4B64 /* networkmodel.swift in Sources */ = {isa = PBXBuildFile; fileRef = 36F53ACD2B571758004C4B64 /* networkmodel.swift */; };
		36F53AD02B57184A004C4B64 /* LocalData.swift in Sources */ = {isa = PBXBuildFile; fileRef = 36F53ACF2B57184A004C4B64 /* LocalData.swift */; };
		36F53AD22B571893004C4B64 /* Hero.swift in Sources */ = {isa = PBXBuildFile; fileRef = 36F53AD12B571893004C4B64 /* Hero.swift */; };
		36F53AD42B5718CA004C4B64 /* transformacion.swift in Sources */ = {isa = PBXBuildFile; fileRef = 36F53AD32B5718CA004C4B64 /* transformacion.swift */; };
/* End PBXBuildFile section */

/* Begin PBXContainerItemProxy section */
		36F53AAB2B571161004C4B64 /* PBXContainerItemProxy */ = {
			isa = PBXContainerItemProxy;
			containerPortal = 36F53A8C2B57115F004C4B64 /* Project object */;
			proxyType = 1;
			remoteGlobalIDString = 36F53A932B57115F004C4B64;
			remoteInfo = DragonHeroes;
		};
		36F53AB52B571161004C4B64 /* PBXContainerItemProxy */ = {
			isa = PBXContainerItemProxy;
			containerPortal = 36F53A8C2B57115F004C4B64 /* Project object */;
			proxyType = 1;
			remoteGlobalIDString = 36F53A932B57115F004C4B64;
			remoteInfo = DragonHeroes;
		};
/* End PBXContainerItemProxy section */

/* Begin PBXFileReference section */
		362F9C4A2B5C375900F3E0B9 /* TransformationsCollectionViewCell.swift */ = {isa = PBXFileReference; lastKnownFileType = sourcecode.swift; path = TransformationsCollectionViewCell.swift; sourceTree = "<group>"; };
		362F9C4B2B5C375900F3E0B9 /* TransformationsCollectionViewCell.xib */ = {isa = PBXFileReference; lastKnownFileType = file.xib; path = TransformationsCollectionViewCell.xib; sourceTree = "<group>"; };
		367E9CD22B5C4F30002B7F9D /* TDetailViewController.swift */ = {isa = PBXFileReference; lastKnownFileType = sourcecode.swift; path = TDetailViewController.swift; sourceTree = "<group>"; };
		367E9CD32B5C4F30002B7F9D /* TDetailViewController.xib */ = {isa = PBXFileReference; lastKnownFileType = file.xib; path = TDetailViewController.xib; sourceTree = "<group>"; };
		367E9CD62B5DB041002B7F9D /* NetworkModelTests.swift */ = {isa = PBXFileReference; lastKnownFileType = sourcecode.swift; path = NetworkModelTests.swift; sourceTree = "<group>"; };
		367E9CD82B5DB0E6002B7F9D /* MockURLProtocol.swift */ = {isa = PBXFileReference; lastKnownFileType = sourcecode.swift; path = MockURLProtocol.swift; sourceTree = "<group>"; };
		36A62F5B2B5829A9004E2CC7 /* TransformacionesListViewController.swift */ = {isa = PBXFileReference; lastKnownFileType = sourcecode.swift; path = TransformacionesListViewController.swift; sourceTree = "<group>"; };
		36A62F5C2B5829A9004E2CC7 /* TransformacionesListViewController.xib */ = {isa = PBXFileReference; lastKnownFileType = file.xib; path = TransformacionesListViewController.xib; sourceTree = "<group>"; };
		36A62F672B584028004E2CC7 /* HDetailViewController.swift */ = {isa = PBXFileReference; lastKnownFileType = sourcecode.swift; path = HDetailViewController.swift; sourceTree = "<group>"; };
		36A62F682B584028004E2CC7 /* HDetailViewController.xib */ = {isa = PBXFileReference; lastKnownFileType = file.xib; path = HDetailViewController.xib; sourceTree = "<group>"; };
		36A62F732B584998004E2CC7 /* CeldaCollectionViewCell.swift */ = {isa = PBXFileReference; lastKnownFileType = sourcecode.swift; path = CeldaCollectionViewCell.swift; sourceTree = "<group>"; };
		36A62F742B584998004E2CC7 /* CeldaCollectionViewCell.xib */ = {isa = PBXFileReference; lastKnownFileType = file.xib; path = CeldaCollectionViewCell.xib; sourceTree = "<group>"; };
		36A9ED032B5BF6EF009D500D /* HeroCollectionViewController.swift */ = {isa = PBXFileReference; lastKnownFileType = sourcecode.swift; path = HeroCollectionViewController.swift; sourceTree = "<group>"; };
		36A9ED042B5BF6EF009D500D /* HeroCollectionViewController.xib */ = {isa = PBXFileReference; lastKnownFileType = file.xib; path = HeroCollectionViewController.xib; sourceTree = "<group>"; };
		36F53A942B57115F004C4B64 /* DragonHeroes.app */ = {isa = PBXFileReference; explicitFileType = wrapper.application; includeInIndex = 0; path = DragonHeroes.app; sourceTree = BUILT_PRODUCTS_DIR; };
		36F53A972B57115F004C4B64 /* AppDelegate.swift */ = {isa = PBXFileReference; lastKnownFileType = sourcecode.swift; path = AppDelegate.swift; sourceTree = "<group>"; };
		36F53A992B57115F004C4B64 /* SceneDelegate.swift */ = {isa = PBXFileReference; lastKnownFileType = sourcecode.swift; path = SceneDelegate.swift; sourceTree = "<group>"; };
		36F53AA02B571161004C4B64 /* Assets.xcassets */ = {isa = PBXFileReference; lastKnownFileType = folder.assetcatalog; path = Assets.xcassets; sourceTree = "<group>"; };
		36F53AA32B571161004C4B64 /* Base */ = {isa = PBXFileReference; lastKnownFileType = file.storyboard; name = Base; path = Base.lproj/LaunchScreen.storyboard; sourceTree = "<group>"; };
		36F53AA52B571161004C4B64 /* Info.plist */ = {isa = PBXFileReference; lastKnownFileType = text.plist.xml; path = Info.plist; sourceTree = "<group>"; };
		36F53AAA2B571161004C4B64 /* DragonHeroesTests.xctest */ = {isa = PBXFileReference; explicitFileType = wrapper.cfbundle; includeInIndex = 0; path = DragonHeroesTests.xctest; sourceTree = BUILT_PRODUCTS_DIR; };
		36F53AAE2B571161004C4B64 /* DragonHeroesTests.swift */ = {isa = PBXFileReference; lastKnownFileType = sourcecode.swift; path = DragonHeroesTests.swift; sourceTree = "<group>"; };
		36F53AB42B571161004C4B64 /* DragonHeroesUITests.xctest */ = {isa = PBXFileReference; explicitFileType = wrapper.cfbundle; includeInIndex = 0; path = DragonHeroesUITests.xctest; sourceTree = BUILT_PRODUCTS_DIR; };
		36F53AB82B571161004C4B64 /* DragonHeroesUITests.swift */ = {isa = PBXFileReference; lastKnownFileType = sourcecode.swift; path = DragonHeroesUITests.swift; sourceTree = "<group>"; };
		36F53ABA2B571161004C4B64 /* DragonHeroesUITestsLaunchTests.swift */ = {isa = PBXFileReference; lastKnownFileType = sourcecode.swift; path = DragonHeroesUITestsLaunchTests.swift; sourceTree = "<group>"; };
		36F53AC72B5712D5004C4B64 /* LoginViewController.swift */ = {isa = PBXFileReference; lastKnownFileType = sourcecode.swift; path = LoginViewController.swift; sourceTree = "<group>"; };
		36F53AC82B5712D5004C4B64 /* LoginViewController.xib */ = {isa = PBXFileReference; lastKnownFileType = file.xib; path = LoginViewController.xib; sourceTree = "<group>"; };
		36F53ACB2B5716EA004C4B64 /* APIClient.swift */ = {isa = PBXFileReference; lastKnownFileType = sourcecode.swift; path = APIClient.swift; sourceTree = "<group>"; };
		36F53ACD2B571758004C4B64 /* networkmodel.swift */ = {isa = PBXFileReference; lastKnownFileType = sourcecode.swift; path = networkmodel.swift; sourceTree = "<group>"; };
		36F53ACF2B57184A004C4B64 /* LocalData.swift */ = {isa = PBXFileReference; lastKnownFileType = sourcecode.swift; path = LocalData.swift; sourceTree = "<group>"; };
		36F53AD12B571893004C4B64 /* Hero.swift */ = {isa = PBXFileReference; lastKnownFileType = sourcecode.swift; path = Hero.swift; sourceTree = "<group>"; };
		36F53AD32B5718CA004C4B64 /* transformacion.swift */ = {isa = PBXFileReference; lastKnownFileType = sourcecode.swift; path = transformacion.swift; sourceTree = "<group>"; };
/* End PBXFileReference section */

/* Begin PBXFrameworksBuildPhase section */
		36F53A912B57115F004C4B64 /* Frameworks */ = {
			isa = PBXFrameworksBuildPhase;
			buildActionMask = 2147483647;
			files = (
			);
			runOnlyForDeploymentPostprocessing = 0;
		};
		36F53AA72B571161004C4B64 /* Frameworks */ = {
			isa = PBXFrameworksBuildPhase;
			buildActionMask = 2147483647;
			files = (
			);
			runOnlyForDeploymentPostprocessing = 0;
		};
		36F53AB12B571161004C4B64 /* Frameworks */ = {
			isa = PBXFrameworksBuildPhase;
			buildActionMask = 2147483647;
			files = (
			);
			runOnlyForDeploymentPostprocessing = 0;
		};
/* End PBXFrameworksBuildPhase section */

/* Begin PBXGroup section */
		367E9CDA2B5DB288002B7F9D /* Controller */ = {
			isa = PBXGroup;
			children = (
				36A62F5B2B5829A9004E2CC7 /* TransformacionesListViewController.swift */,
				362F9C4A2B5C375900F3E0B9 /* TransformationsCollectionViewCell.swift */,
				367E9CD22B5C4F30002B7F9D /* TDetailViewController.swift */,
			);
			path = Controller;
			sourceTree = "<group>";
		};
		367E9CDB2B5DB2A6002B7F9D /* Views */ = {
			isa = PBXGroup;
			children = (
				362F9C4B2B5C375900F3E0B9 /* TransformationsCollectionViewCell.xib */,
				36A62F5C2B5829A9004E2CC7 /* TransformacionesListViewController.xib */,
				367E9CD32B5C4F30002B7F9D /* TDetailViewController.xib */,
			);
			path = Views;
			sourceTree = "<group>";
		};
		367E9CDC2B5DB2B6002B7F9D /* Views */ = {
			isa = PBXGroup;
			children = (
				36A62F682B584028004E2CC7 /* HDetailViewController.xib */,
				36A62F742B584998004E2CC7 /* CeldaCollectionViewCell.xib */,
				36A9ED042B5BF6EF009D500D /* HeroCollectionViewController.xib */,
			);
			path = Views;
			sourceTree = "<group>";
		};
		36A62F632B583263004E2CC7 /* Model */ = {
			isa = PBXGroup;
			children = (
				36F53AD32B5718CA004C4B64 /* transformacion.swift */,
				36F53AD12B571893004C4B64 /* Hero.swift */,
				36F53ACF2B57184A004C4B64 /* LocalData.swift */,
				36F53ACD2B571758004C4B64 /* networkmodel.swift */,
				36F53ACB2B5716EA004C4B64 /* APIClient.swift */,
			);
			path = Model;
			sourceTree = "<group>";
		};
		36A62F642B58327D004E2CC7 /* Heroes */ = {
			isa = PBXGroup;
			children = (
				367E9CDC2B5DB2B6002B7F9D /* Views */,
				36A62F652B583292004E2CC7 /* Controller */,
			);
			path = Heroes;
			sourceTree = "<group>";
		};
		36A62F652B583292004E2CC7 /* Controller */ = {
			isa = PBXGroup;
			children = (
				36A62F672B584028004E2CC7 /* HDetailViewController.swift */,
				36A62F732B584998004E2CC7 /* CeldaCollectionViewCell.swift */,
				36A9ED032B5BF6EF009D500D /* HeroCollectionViewController.swift */,
			);
			path = Controller;
			sourceTree = "<group>";
		};
		36A62F662B5832A3004E2CC7 /* Transformaciones */ = {
			isa = PBXGroup;
			children = (
				367E9CDB2B5DB2A6002B7F9D /* Views */,
				367E9CDA2B5DB288002B7F9D /* Controller */,
			);
			path = Transformaciones;
			sourceTree = "<group>";
		};
		36F53A8B2B57115F004C4B64 = {
			isa = PBXGroup;
			children = (
				36F53A962B57115F004C4B64 /* DragonHeroes */,
				36F53AAD2B571161004C4B64 /* DragonHeroesTests */,
				36F53AB72B571161004C4B64 /* DragonHeroesUITests */,
				36F53A952B57115F004C4B64 /* Products */,
			);
			sourceTree = "<group>";
		};
		36F53A952B57115F004C4B64 /* Products */ = {
			isa = PBXGroup;
			children = (
				36F53A942B57115F004C4B64 /* DragonHeroes.app */,
				36F53AAA2B571161004C4B64 /* DragonHeroesTests.xctest */,
				36F53AB42B571161004C4B64 /* DragonHeroesUITests.xctest */,
			);
			name = Products;
			sourceTree = "<group>";
		};
		36F53A962B57115F004C4B64 /* DragonHeroes */ = {
			isa = PBXGroup;
			children = (
				36A62F662B5832A3004E2CC7 /* Transformaciones */,
				36A62F642B58327D004E2CC7 /* Heroes */,
				36A62F632B583263004E2CC7 /* Model */,
				36F53AD52B57197D004C4B64 /* Login */,
				36F53A972B57115F004C4B64 /* AppDelegate.swift */,
				36F53A992B57115F004C4B64 /* SceneDelegate.swift */,
				36F53AA02B571161004C4B64 /* Assets.xcassets */,
				36F53AA22B571161004C4B64 /* LaunchScreen.storyboard */,
				36F53AA52B571161004C4B64 /* Info.plist */,
			);
			path = DragonHeroes;
			sourceTree = "<group>";
		};
		36F53AAD2B571161004C4B64 /* DragonHeroesTests */ = {
			isa = PBXGroup;
			children = (
				36F53AAE2B571161004C4B64 /* DragonHeroesTests.swift */,
				367E9CD62B5DB041002B7F9D /* NetworkModelTests.swift */,
				367E9CD82B5DB0E6002B7F9D /* MockURLProtocol.swift */,
			);
			path = DragonHeroesTests;
			sourceTree = "<group>";
		};
		36F53AB72B571161004C4B64 /* DragonHeroesUITests */ = {
			isa = PBXGroup;
			children = (
				36F53AB82B571161004C4B64 /* DragonHeroesUITests.swift */,
				36F53ABA2B571161004C4B64 /* DragonHeroesUITestsLaunchTests.swift */,
			);
			path = DragonHeroesUITests;
			sourceTree = "<group>";
		};
		36F53AD52B57197D004C4B64 /* Login */ = {
			isa = PBXGroup;
			children = (
				36F53AC72B5712D5004C4B64 /* LoginViewController.swift */,
				36F53AC82B5712D5004C4B64 /* LoginViewController.xib */,
			);
			path = Login;
			sourceTree = "<group>";
		};
/* End PBXGroup section */

/* Begin PBXNativeTarget section */
		36F53A932B57115F004C4B64 /* DragonHeroes */ = {
			isa = PBXNativeTarget;
			buildConfigurationList = 36F53ABE2B571161004C4B64 /* Build configuration list for PBXNativeTarget "DragonHeroes" */;
			buildPhases = (
				36F53A902B57115F004C4B64 /* Sources */,
				36F53A912B57115F004C4B64 /* Frameworks */,
				36F53A922B57115F004C4B64 /* Resources */,
			);
			buildRules = (
			);
			dependencies = (
			);
			name = DragonHeroes;
			productName = DragonHeroes;
			productReference = 36F53A942B57115F004C4B64 /* DragonHeroes.app */;
			productType = "com.apple.product-type.application";
		};
		36F53AA92B571161004C4B64 /* DragonHeroesTests */ = {
			isa = PBXNativeTarget;
			buildConfigurationList = 36F53AC12B571161004C4B64 /* Build configuration list for PBXNativeTarget "DragonHeroesTests" */;
			buildPhases = (
				36F53AA62B571161004C4B64 /* Sources */,
				36F53AA72B571161004C4B64 /* Frameworks */,
				36F53AA82B571161004C4B64 /* Resources */,
			);
			buildRules = (
			);
			dependencies = (
				36F53AAC2B571161004C4B64 /* PBXTargetDependency */,
			);
			name = DragonHeroesTests;
			productName = DragonHeroesTests;
			productReference = 36F53AAA2B571161004C4B64 /* DragonHeroesTests.xctest */;
			productType = "com.apple.product-type.bundle.unit-test";
		};
		36F53AB32B571161004C4B64 /* DragonHeroesUITests */ = {
			isa = PBXNativeTarget;
			buildConfigurationList = 36F53AC42B571161004C4B64 /* Build configuration list for PBXNativeTarget "DragonHeroesUITests" */;
			buildPhases = (
				36F53AB02B571161004C4B64 /* Sources */,
				36F53AB12B571161004C4B64 /* Frameworks */,
				36F53AB22B571161004C4B64 /* Resources */,
			);
			buildRules = (
			);
			dependencies = (
				36F53AB62B571161004C4B64 /* PBXTargetDependency */,
			);
			name = DragonHeroesUITests;
			productName = DragonHeroesUITests;
			productReference = 36F53AB42B571161004C4B64 /* DragonHeroesUITests.xctest */;
			productType = "com.apple.product-type.bundle.ui-testing";
		};
/* End PBXNativeTarget section */

/* Begin PBXProject section */
		36F53A8C2B57115F004C4B64 /* Project object */ = {
			isa = PBXProject;
			attributes = {
				BuildIndependentTargetsInParallel = 1;
				LastSwiftUpdateCheck = 1520;
				LastUpgradeCheck = 1520;
				TargetAttributes = {
					36F53A932B57115F004C4B64 = {
						CreatedOnToolsVersion = 15.2;
					};
					36F53AA92B571161004C4B64 = {
						CreatedOnToolsVersion = 15.2;
						TestTargetID = 36F53A932B57115F004C4B64;
					};
					36F53AB32B571161004C4B64 = {
						CreatedOnToolsVersion = 15.2;
						TestTargetID = 36F53A932B57115F004C4B64;
					};
				};
			};
			buildConfigurationList = 36F53A8F2B57115F004C4B64 /* Build configuration list for PBXProject "DragonHeroes" */;
			compatibilityVersion = "Xcode 14.0";
			developmentRegion = en;
			hasScannedForEncodings = 0;
			knownRegions = (
				en,
				Base,
			);
			mainGroup = 36F53A8B2B57115F004C4B64;
			productRefGroup = 36F53A952B57115F004C4B64 /* Products */;
			projectDirPath = "";
			projectRoot = "";
			targets = (
				36F53A932B57115F004C4B64 /* DragonHeroes */,
				36F53AA92B571161004C4B64 /* DragonHeroesTests */,
				36F53AB32B571161004C4B64 /* DragonHeroesUITests */,
			);
		};
/* End PBXProject section */

/* Begin PBXResourcesBuildPhase section */
		36F53A922B57115F004C4B64 /* Resources */ = {
			isa = PBXResourcesBuildPhase;
			buildActionMask = 2147483647;
			files = (
				36A9ED062B5BF6EF009D500D /* HeroCollectionViewController.xib in Resources */,
				36A62F5E2B5829A9004E2CC7 /* TransformacionesListViewController.xib in Resources */,
				367E9CD52B5C4F30002B7F9D /* TDetailViewController.xib in Resources */,
				362F9C4D2B5C375900F3E0B9 /* TransformationsCollectionViewCell.xib in Resources */,
				36F53AA42B571161004C4B64 /* LaunchScreen.storyboard in Resources */,
				36F53AA12B571161004C4B64 /* Assets.xcassets in Resources */,
				36A62F762B584998004E2CC7 /* CeldaCollectionViewCell.xib in Resources */,
				36A62F6A2B584028004E2CC7 /* HDetailViewController.xib in Resources */,
				36F53ACA2B5712D5004C4B64 /* LoginViewController.xib in Resources */,
			);
			runOnlyForDeploymentPostprocessing = 0;
		};
		36F53AA82B571161004C4B64 /* Resources */ = {
			isa = PBXResourcesBuildPhase;
			buildActionMask = 2147483647;
			files = (
			);
			runOnlyForDeploymentPostprocessing = 0;
		};
		36F53AB22B571161004C4B64 /* Resources */ = {
			isa = PBXResourcesBuildPhase;
			buildActionMask = 2147483647;
			files = (
			);
			runOnlyForDeploymentPostprocessing = 0;
		};
/* End PBXResourcesBuildPhase section */

/* Begin PBXSourcesBuildPhase section */
		36F53A902B57115F004C4B64 /* Sources */ = {
			isa = PBXSourcesBuildPhase;
			buildActionMask = 2147483647;
			files = (
				36A62F5D2B5829A9004E2CC7 /* TransformacionesListViewController.swift in Sources */,
				36F53AC92B5712D5004C4B64 /* LoginViewController.swift in Sources */,
				36A62F752B584998004E2CC7 /* CeldaCollectionViewCell.swift in Sources */,
				36F53A982B57115F004C4B64 /* AppDelegate.swift in Sources */,
				36F53A9A2B57115F004C4B64 /* SceneDelegate.swift in Sources */,
				367E9CD42B5C4F30002B7F9D /* TDetailViewController.swift in Sources */,
				36F53AD02B57184A004C4B64 /* LocalData.swift in Sources */,
				36F53AD22B571893004C4B64 /* Hero.swift in Sources */,
				36A9ED052B5BF6EF009D500D /* HeroCollectionViewController.swift in Sources */,
				36F53AD42B5718CA004C4B64 /* transformacion.swift in Sources */,
				36A62F692B584028004E2CC7 /* HDetailViewController.swift in Sources */,
				362F9C4C2B5C375900F3E0B9 /* TransformationsCollectionViewCell.swift in Sources */,
				36F53ACE2B571758004C4B64 /* networkmodel.swift in Sources */,
				36F53ACC2B5716EA004C4B64 /* APIClient.swift in Sources */,
			);
			runOnlyForDeploymentPostprocessing = 0;
		};
		36F53AA62B571161004C4B64 /* Sources */ = {
			isa = PBXSourcesBuildPhase;
			buildActionMask = 2147483647;
			files = (
				367E9CD92B5DB0E6002B7F9D /* MockURLProtocol.swift in Sources */,
				367E9CD72B5DB041002B7F9D /* NetworkModelTests.swift in Sources */,
				36F53AAF2B571161004C4B64 /* DragonHeroesTests.swift in Sources */,
			);
			runOnlyForDeploymentPostprocessing = 0;
		};
		36F53AB02B571161004C4B64 /* Sources */ = {
			isa = PBXSourcesBuildPhase;
			buildActionMask = 2147483647;
			files = (
				36F53AB92B571161004C4B64 /* DragonHeroesUITests.swift in Sources */,
				36F53ABB2B571161004C4B64 /* DragonHeroesUITestsLaunchTests.swift in Sources */,
			);
			runOnlyForDeploymentPostprocessing = 0;
		};
/* End PBXSourcesBuildPhase section */

/* Begin PBXTargetDependency section */
		36F53AAC2B571161004C4B64 /* PBXTargetDependency */ = {
			isa = PBXTargetDependency;
			target = 36F53A932B57115F004C4B64 /* DragonHeroes */;
			targetProxy = 36F53AAB2B571161004C4B64 /* PBXContainerItemProxy */;
		};
		36F53AB62B571161004C4B64 /* PBXTargetDependency */ = {
			isa = PBXTargetDependency;
			target = 36F53A932B57115F004C4B64 /* DragonHeroes */;
			targetProxy = 36F53AB52B571161004C4B64 /* PBXContainerItemProxy */;
		};
/* End PBXTargetDependency section */

/* Begin PBXVariantGroup section */
		36F53AA22B571161004C4B64 /* LaunchScreen.storyboard */ = {
			isa = PBXVariantGroup;
			children = (
				36F53AA32B571161004C4B64 /* Base */,
			);
			name = LaunchScreen.storyboard;
			sourceTree = "<group>";
		};
/* End PBXVariantGroup section */

/* Begin XCBuildConfiguration section */
		36F53ABC2B571161004C4B64 /* Debug */ = {
			isa = XCBuildConfiguration;
			buildSettings = {
				ALWAYS_SEARCH_USER_PATHS = NO;
				ASSETCATALOG_COMPILER_GENERATE_SWIFT_ASSET_SYMBOL_EXTENSIONS = YES;
				CLANG_ANALYZER_NONNULL = YES;
				CLANG_ANALYZER_NUMBER_OBJECT_CONVERSION = YES_AGGRESSIVE;
				CLANG_CXX_LANGUAGE_STANDARD = "gnu++20";
				CLANG_ENABLE_MODULES = YES;
				CLANG_ENABLE_OBJC_ARC = YES;
				CLANG_ENABLE_OBJC_WEAK = YES;
				CLANG_WARN_BLOCK_CAPTURE_AUTORELEASING = YES;
				CLANG_WARN_BOOL_CONVERSION = YES;
				CLANG_WARN_COMMA = YES;
				CLANG_WARN_CONSTANT_CONVERSION = YES;
				CLANG_WARN_DEPRECATED_OBJC_IMPLEMENTATIONS = YES;
				CLANG_WARN_DIRECT_OBJC_ISA_USAGE = YES_ERROR;
				CLANG_WARN_DOCUMENTATION_COMMENTS = YES;
				CLANG_WARN_EMPTY_BODY = YES;
				CLANG_WARN_ENUM_CONVERSION = YES;
				CLANG_WARN_INFINITE_RECURSION = YES;
				CLANG_WARN_INT_CONVERSION = YES;
				CLANG_WARN_NON_LITERAL_NULL_CONVERSION = YES;
				CLANG_WARN_OBJC_IMPLICIT_RETAIN_SELF = YES;
				CLANG_WARN_OBJC_LITERAL_CONVERSION = YES;
				CLANG_WARN_OBJC_ROOT_CLASS = YES_ERROR;
				CLANG_WARN_QUOTED_INCLUDE_IN_FRAMEWORK_HEADER = YES;
				CLANG_WARN_RANGE_LOOP_ANALYSIS = YES;
				CLANG_WARN_STRICT_PROTOTYPES = YES;
				CLANG_WARN_SUSPICIOUS_MOVE = YES;
				CLANG_WARN_UNGUARDED_AVAILABILITY = YES_AGGRESSIVE;
				CLANG_WARN_UNREACHABLE_CODE = YES;
				CLANG_WARN__DUPLICATE_METHOD_MATCH = YES;
				COPY_PHASE_STRIP = NO;
				DEBUG_INFORMATION_FORMAT = dwarf;
				ENABLE_STRICT_OBJC_MSGSEND = YES;
				ENABLE_TESTABILITY = YES;
				ENABLE_USER_SCRIPT_SANDBOXING = YES;
				GCC_C_LANGUAGE_STANDARD = gnu17;
				GCC_DYNAMIC_NO_PIC = NO;
				GCC_NO_COMMON_BLOCKS = YES;
				GCC_OPTIMIZATION_LEVEL = 0;
				GCC_PREPROCESSOR_DEFINITIONS = (
					"DEBUG=1",
					"$(inherited)",
				);
				GCC_WARN_64_TO_32_BIT_CONVERSION = YES;
				GCC_WARN_ABOUT_RETURN_TYPE = YES_ERROR;
				GCC_WARN_UNDECLARED_SELECTOR = YES;
				GCC_WARN_UNINITIALIZED_AUTOS = YES_AGGRESSIVE;
				GCC_WARN_UNUSED_FUNCTION = YES;
				GCC_WARN_UNUSED_VARIABLE = YES;
				IPHONEOS_DEPLOYMENT_TARGET = 17.2;
				LOCALIZATION_PREFERS_STRING_CATALOGS = YES;
				MTL_ENABLE_DEBUG_INFO = INCLUDE_SOURCE;
				MTL_FAST_MATH = YES;
				ONLY_ACTIVE_ARCH = YES;
				SDKROOT = iphoneos;
				SWIFT_ACTIVE_COMPILATION_CONDITIONS = "DEBUG $(inherited)";
				SWIFT_OPTIMIZATION_LEVEL = "-Onone";
			};
			name = Debug;
		};
		36F53ABD2B571161004C4B64 /* Release */ = {
			isa = XCBuildConfiguration;
			buildSettings = {
				ALWAYS_SEARCH_USER_PATHS = NO;
				ASSETCATALOG_COMPILER_GENERATE_SWIFT_ASSET_SYMBOL_EXTENSIONS = YES;
				CLANG_ANALYZER_NONNULL = YES;
				CLANG_ANALYZER_NUMBER_OBJECT_CONVERSION = YES_AGGRESSIVE;
				CLANG_CXX_LANGUAGE_STANDARD = "gnu++20";
				CLANG_ENABLE_MODULES = YES;
				CLANG_ENABLE_OBJC_ARC = YES;
				CLANG_ENABLE_OBJC_WEAK = YES;
				CLANG_WARN_BLOCK_CAPTURE_AUTORELEASING = YES;
				CLANG_WARN_BOOL_CONVERSION = YES;
				CLANG_WARN_COMMA = YES;
				CLANG_WARN_CONSTANT_CONVERSION = YES;
				CLANG_WARN_DEPRECATED_OBJC_IMPLEMENTATIONS = YES;
				CLANG_WARN_DIRECT_OBJC_ISA_USAGE = YES_ERROR;
				CLANG_WARN_DOCUMENTATION_COMMENTS = YES;
				CLANG_WARN_EMPTY_BODY = YES;
				CLANG_WARN_ENUM_CONVERSION = YES;
				CLANG_WARN_INFINITE_RECURSION = YES;
				CLANG_WARN_INT_CONVERSION = YES;
				CLANG_WARN_NON_LITERAL_NULL_CONVERSION = YES;
				CLANG_WARN_OBJC_IMPLICIT_RETAIN_SELF = YES;
				CLANG_WARN_OBJC_LITERAL_CONVERSION = YES;
				CLANG_WARN_OBJC_ROOT_CLASS = YES_ERROR;
				CLANG_WARN_QUOTED_INCLUDE_IN_FRAMEWORK_HEADER = YES;
				CLANG_WARN_RANGE_LOOP_ANALYSIS = YES;
				CLANG_WARN_STRICT_PROTOTYPES = YES;
				CLANG_WARN_SUSPICIOUS_MOVE = YES;
				CLANG_WARN_UNGUARDED_AVAILABILITY = YES_AGGRESSIVE;
				CLANG_WARN_UNREACHABLE_CODE = YES;
				CLANG_WARN__DUPLICATE_METHOD_MATCH = YES;
				COPY_PHASE_STRIP = NO;
				DEBUG_INFORMATION_FORMAT = "dwarf-with-dsym";
				ENABLE_NS_ASSERTIONS = NO;
				ENABLE_STRICT_OBJC_MSGSEND = YES;
				ENABLE_USER_SCRIPT_SANDBOXING = YES;
				GCC_C_LANGUAGE_STANDARD = gnu17;
				GCC_NO_COMMON_BLOCKS = YES;
				GCC_WARN_64_TO_32_BIT_CONVERSION = YES;
				GCC_WARN_ABOUT_RETURN_TYPE = YES_ERROR;
				GCC_WARN_UNDECLARED_SELECTOR = YES;
				GCC_WARN_UNINITIALIZED_AUTOS = YES_AGGRESSIVE;
				GCC_WARN_UNUSED_FUNCTION = YES;
				GCC_WARN_UNUSED_VARIABLE = YES;
				IPHONEOS_DEPLOYMENT_TARGET = 17.2;
				LOCALIZATION_PREFERS_STRING_CATALOGS = YES;
				MTL_ENABLE_DEBUG_INFO = NO;
				MTL_FAST_MATH = YES;
				SDKROOT = iphoneos;
				SWIFT_COMPILATION_MODE = wholemodule;
				VALIDATE_PRODUCT = YES;
			};
			name = Release;
		};
		36F53ABF2B571161004C4B64 /* Debug */ = {
			isa = XCBuildConfiguration;
			buildSettings = {
				ASSETCATALOG_COMPILER_APPICON_NAME = AppIcon;
				ASSETCATALOG_COMPILER_GLOBAL_ACCENT_COLOR_NAME = AccentColor;
				CODE_SIGN_STYLE = Automatic;
				CURRENT_PROJECT_VERSION = 1;
				DEVELOPMENT_TEAM = HS49USZ4GG;
				GENERATE_INFOPLIST_FILE = YES;
				INFOPLIST_FILE = DragonHeroes/Info.plist;
				INFOPLIST_KEY_UIApplicationSupportsIndirectInputEvents = YES;
				INFOPLIST_KEY_UILaunchStoryboardName = LaunchScreen;
				INFOPLIST_KEY_UISupportedInterfaceOrientations_iPad = "UIInterfaceOrientationPortrait UIInterfaceOrientationPortraitUpsideDown UIInterfaceOrientationLandscapeLeft UIInterfaceOrientationLandscapeRight";
				INFOPLIST_KEY_UISupportedInterfaceOrientations_iPhone = "UIInterfaceOrientationPortrait UIInterfaceOrientationLandscapeLeft UIInterfaceOrientationLandscapeRight";
				LD_RUNPATH_SEARCH_PATHS = (
					"$(inherited)",
					"@executable_path/Frameworks",
				);
				MARKETING_VERSION = 1.0;
				PRODUCT_BUNDLE_IDENTIFIER = io.keepcoding.DragonHeroes;
				PRODUCT_NAME = "$(TARGET_NAME)";
				SWIFT_EMIT_LOC_STRINGS = YES;
				SWIFT_VERSION = 5.0;
				TARGETED_DEVICE_FAMILY = "1,2";
			};
			name = Debug;
		};
		36F53AC02B571161004C4B64 /* Release */ = {
			isa = XCBuildConfiguration;
			buildSettings = {
				ASSETCATALOG_COMPILER_APPICON_NAME = AppIcon;
				ASSETCATALOG_COMPILER_GLOBAL_ACCENT_COLOR_NAME = AccentColor;
				CODE_SIGN_STYLE = Automatic;
				CURRENT_PROJECT_VERSION = 1;
				DEVELOPMENT_TEAM = HS49USZ4GG;
				GENERATE_INFOPLIST_FILE = YES;
				INFOPLIST_FILE = DragonHeroes/Info.plist;
				INFOPLIST_KEY_UIApplicationSupportsIndirectInputEvents = YES;
				INFOPLIST_KEY_UILaunchStoryboardName = LaunchScreen;
				INFOPLIST_KEY_UISupportedInterfaceOrientations_iPad = "UIInterfaceOrientationPortrait UIInterfaceOrientationPortraitUpsideDown UIInterfaceOrientationLandscapeLeft UIInterfaceOrientationLandscapeRight";
				INFOPLIST_KEY_UISupportedInterfaceOrientations_iPhone = "UIInterfaceOrientationPortrait UIInterfaceOrientationLandscapeLeft UIInterfaceOrientationLandscapeRight";
				LD_RUNPATH_SEARCH_PATHS = (
					"$(inherited)",
					"@executable_path/Frameworks",
				);
				MARKETING_VERSION = 1.0;
				PRODUCT_BUNDLE_IDENTIFIER = io.keepcoding.DragonHeroes;
				PRODUCT_NAME = "$(TARGET_NAME)";
				SWIFT_EMIT_LOC_STRINGS = YES;
				SWIFT_VERSION = 5.0;
				TARGETED_DEVICE_FAMILY = "1,2";
			};
			name = Release;
		};
		36F53AC22B571161004C4B64 /* Debug */ = {
			isa = XCBuildConfiguration;
			buildSettings = {
				ALWAYS_EMBED_SWIFT_STANDARD_LIBRARIES = YES;
				BUNDLE_LOADER = "$(TEST_HOST)";
				CODE_SIGN_STYLE = Automatic;
				CURRENT_PROJECT_VERSION = 1;
				DEVELOPMENT_TEAM = HS49USZ4GG;
				GENERATE_INFOPLIST_FILE = YES;
				IPHONEOS_DEPLOYMENT_TARGET = 17.2;
				MARKETING_VERSION = 1.0;
				PRODUCT_BUNDLE_IDENTIFIER = io.keepcoding.DragonHeroesTests;
				PRODUCT_NAME = "$(TARGET_NAME)";
				SWIFT_EMIT_LOC_STRINGS = NO;
				SWIFT_VERSION = 5.0;
				TARGETED_DEVICE_FAMILY = "1,2";
				TEST_HOST = "$(BUILT_PRODUCTS_DIR)/DragonHeroes.app/$(BUNDLE_EXECUTABLE_FOLDER_PATH)/DragonHeroes";
			};
			name = Debug;
		};
		36F53AC32B571161004C4B64 /* Release */ = {
			isa = XCBuildConfiguration;
			buildSettings = {
				ALWAYS_EMBED_SWIFT_STANDARD_LIBRARIES = YES;
				BUNDLE_LOADER = "$(TEST_HOST)";
				CODE_SIGN_STYLE = Automatic;
				CURRENT_PROJECT_VERSION = 1;
				DEVELOPMENT_TEAM = HS49USZ4GG;
				GENERATE_INFOPLIST_FILE = YES;
				IPHONEOS_DEPLOYMENT_TARGET = 17.2;
				MARKETING_VERSION = 1.0;
				PRODUCT_BUNDLE_IDENTIFIER = io.keepcoding.DragonHeroesTests;
				PRODUCT_NAME = "$(TARGET_NAME)";
				SWIFT_EMIT_LOC_STRINGS = NO;
				SWIFT_VERSION = 5.0;
				TARGETED_DEVICE_FAMILY = "1,2";
				TEST_HOST = "$(BUILT_PRODUCTS_DIR)/DragonHeroes.app/$(BUNDLE_EXECUTABLE_FOLDER_PATH)/DragonHeroes";
			};
			name = Release;
		};
		36F53AC52B571161004C4B64 /* Debug */ = {
			isa = XCBuildConfiguration;
			buildSettings = {
				ALWAYS_EMBED_SWIFT_STANDARD_LIBRARIES = YES;
				CODE_SIGN_STYLE = Automatic;
				CURRENT_PROJECT_VERSION = 1;
				DEVELOPMENT_TEAM = HS49USZ4GG;
				GENERATE_INFOPLIST_FILE = YES;
				MARKETING_VERSION = 1.0;
				PRODUCT_BUNDLE_IDENTIFIER = io.keepcoding.DragonHeroesUITests;
				PRODUCT_NAME = "$(TARGET_NAME)";
				SWIFT_EMIT_LOC_STRINGS = NO;
				SWIFT_VERSION = 5.0;
				TARGETED_DEVICE_FAMILY = "1,2";
				TEST_TARGET_NAME = DragonHeroes;
			};
			name = Debug;
		};
		36F53AC62B571161004C4B64 /* Release */ = {
			isa = XCBuildConfiguration;
			buildSettings = {
				ALWAYS_EMBED_SWIFT_STANDARD_LIBRARIES = YES;
				CODE_SIGN_STYLE = Automatic;
				CURRENT_PROJECT_VERSION = 1;
				DEVELOPMENT_TEAM = HS49USZ4GG;
				GENERATE_INFOPLIST_FILE = YES;
				MARKETING_VERSION = 1.0;
				PRODUCT_BUNDLE_IDENTIFIER = io.keepcoding.DragonHeroesUITests;
				PRODUCT_NAME = "$(TARGET_NAME)";
				SWIFT_EMIT_LOC_STRINGS = NO;
				SWIFT_VERSION = 5.0;
				TARGETED_DEVICE_FAMILY = "1,2";
				TEST_TARGET_NAME = DragonHeroes;
			};
			name = Release;
		};
/* End XCBuildConfiguration section */

/* Begin XCConfigurationList section */
		36F53A8F2B57115F004C4B64 /* Build configuration list for PBXProject "DragonHeroes" */ = {
			isa = XCConfigurationList;
			buildConfigurations = (
				36F53ABC2B571161004C4B64 /* Debug */,
				36F53ABD2B571161004C4B64 /* Release */,
			);
			defaultConfigurationIsVisible = 0;
			defaultConfigurationName = Release;
		};
		36F53ABE2B571161004C4B64 /* Build configuration list for PBXNativeTarget "DragonHeroes" */ = {
			isa = XCConfigurationList;
			buildConfigurations = (
				36F53ABF2B571161004C4B64 /* Debug */,
				36F53AC02B571161004C4B64 /* Release */,
			);
			defaultConfigurationIsVisible = 0;
			defaultConfigurationName = Release;
		};
		36F53AC12B571161004C4B64 /* Build configuration list for PBXNativeTarget "DragonHeroesTests" */ = {
			isa = XCConfigurationList;
			buildConfigurations = (
				36F53AC22B571161004C4B64 /* Debug */,
				36F53AC32B571161004C4B64 /* Release */,
			);
			defaultConfigurationIsVisible = 0;
			defaultConfigurationName = Release;
		};
		36F53AC42B571161004C4B64 /* Build configuration list for PBXNativeTarget "DragonHeroesUITests" */ = {
			isa = XCConfigurationList;
			buildConfigurations = (
				36F53AC52B571161004C4B64 /* Debug */,
				36F53AC62B571161004C4B64 /* Release */,
			);
			defaultConfigurationIsVisible = 0;
			defaultConfigurationName = Release;
		};
/* End XCConfigurationList section */
	};
	rootObject = 36F53A8C2B57115F004C4B64 /* Project object */;
}
